
Microsoft Visual Studio Solution File, Format Version 11.00
# Visual Studio 2010
Project("{FAE04EC0-301F-11D3-BF4B-00C04F79EFBC}") = "JogoNave", "JogoNave\JogoNave\JogoNave.csproj", "{86A6947E-16D8-4A8A-AE39-D74C003181E8}"
EndProject
Project("{96E2B04D-8817-42C6-938A-82C39BA4D311}") = "JogoNaveContent", "JogoNave\JogoNaveContent\JogoNaveContent.contentproj", "{C14E9F8E-653C-47DB-AA95-1EBC7DA3916E}"
EndProject
Global
	GlobalSection(SolutionConfigurationPlatforms) = preSolution
		Debug|x86 = Debug|x86
		Release|x86 = Release|x86
	EndGlobalSection
	GlobalSection(ProjectConfigurationPlatforms) = postSolution
		{86A6947E-16D8-4A8A-AE39-D74C003181E8}.Debug|x86.ActiveCfg = Debug|x86
		{86A6947E-16D8-4A8A-AE39-D74C003181E8}.Debug|x86.Build.0 = Debug|x86
		{86A6947E-16D8-4A8A-AE39-D74C003181E8}.Release|x86.ActiveCfg = Release|x86
		{86A6947E-16D8-4A8A-AE39-D74C003181E8}.Release|x86.Build.0 = Release|x86
		{C14E9F8E-653C-47DB-AA95-1EBC7DA3916E}.Debug|x86.ActiveCfg = Debug|x86
		{C14E9F8E-653C-47DB-AA95-1EBC7DA3916E}.Release|x86.ActiveCfg = Release|x86
	EndGlobalSection
	GlobalSection(SolutionProperties) = preSolution
		HideSolutionNode = FALSE
	EndGlobalSection
EndGlobal
